
Microsoft Visual Studio Solution File, Format Version 12.00
# Visual Studio Version 17
VisualStudioVersion = 17.1.32319.34
MinimumVisualStudioVersion = 10.0.40219.1
Project("{9A19103F-16F7-4668-BE54-9A1E7A4F7556}") = "WaWeb", "WaWeb.csproj", "{860DFAC5-81CE-4C4E-948F-49B181219E6D}"
EndProject
Project("{FAE04EC0-301F-11D3-BF4B-00C04F79EFBC}") = "ConsoleApp2", "..\ConsoleApp2\ConsoleApp2.csproj", "{FBF7D846-3AAD-42E6-A1AA-5034F80359B4}"
EndProject
Global
	GlobalSection(SolutionConfigurationPlatforms) = preSolution
		Debug|Any CPU = Debug|Any CPU
		Release|Any CPU = Release|Any CPU
	EndGlobalSection
	GlobalSection(ProjectConfigurationPlatforms) = postSolution
		{860DFAC5-81CE-4C4E-948F-49B181219E6D}.Debug|Any CPU.ActiveCfg = Debug|Any CPU
		{860DFAC5-81CE-4C4E-948F-49B181219E6D}.Debug|Any CPU.Build.0 = Debug|Any CPU
		{860DFAC5-81CE-4C4E-948F-49B181219E6D}.Release|Any CPU.ActiveCfg = Release|Any CPU
		{860DFAC5-81CE-4C4E-948F-49B181219E6D}.Release|Any CPU.Build.0 = Release|Any CPU
		{FBF7D846-3AAD-42E6-A1AA-5034F80359B4}.Debug|Any CPU.ActiveCfg = Debug|Any CPU
		{FBF7D846-3AAD-42E6-A1AA-5034F80359B4}.Debug|Any CPU.Build.0 = Debug|Any CPU
		{FBF7D846-3AAD-42E6-A1AA-5034F80359B4}.Release|Any CPU.ActiveCfg = Release|Any CPU
		{FBF7D846-3AAD-42E6-A1AA-5034F80359B4}.Release|Any CPU.Build.0 = Release|Any CPU
	EndGlobalSection
	GlobalSection(SolutionProperties) = preSolution
		HideSolutionNode = FALSE
	EndGlobalSection
	GlobalSection(ExtensibilityGlobals) = postSolution
		SolutionGuid = {28B8D1DF-6FDF-403F-810E-BEE26AA968A4}
	EndGlobalSection
EndGlobal
